{
  "nodes": {
    "nixpkgs": {
      "locked": {
        "lastModified": 1672170105,
        "narHash": "sha256-RabUtQyG7VCTlWgSu8/nzfF48sWaoO9xAPpRRoVDd18=",
        "owner": "nixos",
        "repo": "nixpkgs",
        "rev": "619a61fcfde0cce679708b8644d136e455e84eac",
        "type": "github"
      },
      "original": {
        "owner": "nixos",
        "ref": "nixos-22.11",
        "repo": "nixpkgs",
        "type": "github"
      }
    },
    "root": {
      "inputs": {
        "nixpkgs": "nixpkgs"
      }
    }
  },
  "root": "root",
  "version": 7
}
