{
  "nodes": {
    "nixpkgs": {
      "locked": {
        "lastModified": 1656265786,
        "narHash": "sha256-A9RkoGrxzsmMm0vily18p92Rasb+MbdDMaSnzmywXKw=",
        "owner": "nixos",
        "repo": "nixpkgs",
        "rev": "cd90e773eae83ba7733d2377b6cdf84d45558780",
        "type": "github"
      },
      "original": {
        "owner": "nixos",
        "ref": "nixos-22.05",
        "repo": "nixpkgs",
        "type": "github"
      }
    },
    "nixpkgs2003": {
      "locked": {
        "lastModified": 1620055814,
        "narHash": "sha256-8LEHoYSJiL901bTMVatq+rf8y7QtWuZhwwpKE2fyaRY=",
        "owner": "nixos",
        "repo": "nixpkgs",
        "rev": "1db42b7fe3878f3f5f7a4f2dc210772fd080e205",
        "type": "github"
      },
      "original": {
        "owner": "nixos",
        "ref": "nixos-20.03",
        "repo": "nixpkgs",
        "type": "github"
      }
    },
    "nixpkgs2111": {
      "locked": {
        "lastModified": 1656122851,
        "narHash": "sha256-fUXK49Hp6oktAZz42+VPDXa+/9FpzICnEKWhh4zqr30=",
        "owner": "nixos",
        "repo": "nixpkgs",
        "rev": "891016b5cf1998ea84852adac52c65c5ccd3e802",
        "type": "github"
      },
      "original": {
        "owner": "nixos",
        "ref": "nixos-21.11",
        "repo": "nixpkgs",
        "type": "github"
      }
    },
    "root": {
      "inputs": {
        "nixpkgs": "nixpkgs",
        "nixpkgs2003": "nixpkgs2003",
        "nixpkgs2111": "nixpkgs2111",
        "stargate-nixpkgs": "stargate-nixpkgs"
      }
    },
    "stargate-nixpkgs": {
      "locked": {
        "lastModified": 1656362196,
        "narHash": "sha256-86ZEX6CI536jfAaz5UcDXS6JzCgww8In3pn1fzT5JzE=",
        "owner": "stargate01",
        "repo": "nixpkgs",
        "rev": "2c7830806174a433e166796c1a89a87fb4d9acf2",
        "type": "github"
      },
      "original": {
        "owner": "stargate01",
        "ref": "nrf-command-line-tools",
        "repo": "nixpkgs",
        "type": "github"
      }
    }
  },
  "root": "root",
  "version": 7
}
