{
  "nodes": {
    "nixpkgs": {
      "locked": {
        "lastModified": 1671883564,
        "narHash": "sha256-C15oAtyupmLB3coZY7qzEHXjhtUx/+77olVdqVMruAg=",
        "owner": "nixos",
        "repo": "nixpkgs",
        "rev": "dac57a4eccf1442e8bf4030df6fcbb55883cb682",
        "type": "github"
      },
      "original": {
        "owner": "nixos",
        "ref": "nixos-22.11",
        "repo": "nixpkgs",
        "type": "github"
      }
    },
    "nixpkgs2003": {
      "locked": {
        "lastModified": 1620055814,
        "narHash": "sha256-8LEHoYSJiL901bTMVatq+rf8y7QtWuZhwwpKE2fyaRY=",
        "owner": "nixos",
        "repo": "nixpkgs",
        "rev": "1db42b7fe3878f3f5f7a4f2dc210772fd080e205",
        "type": "github"
      },
      "original": {
        "owner": "nixos",
        "ref": "nixos-20.03",
        "repo": "nixpkgs",
        "type": "github"
      }
    },
    "nixpkgs2111": {
      "locked": {
        "lastModified": 1656122851,
        "narHash": "sha256-fUXK49Hp6oktAZz42+VPDXa+/9FpzICnEKWhh4zqr30=",
        "owner": "nixos",
        "repo": "nixpkgs",
        "rev": "891016b5cf1998ea84852adac52c65c5ccd3e802",
        "type": "github"
      },
      "original": {
        "owner": "nixos",
        "ref": "nixos-21.11",
        "repo": "nixpkgs",
        "type": "github"
      }
    },
    "root": {
      "inputs": {
        "nixpkgs": "nixpkgs",
        "nixpkgs2003": "nixpkgs2003",
        "nixpkgs2111": "nixpkgs2111",
        "stargate-nixpkgs": "stargate-nixpkgs"
      }
    },
    "stargate-nixpkgs": {
      "locked": {
        "lastModified": 1656628719,
        "narHash": "sha256-Ot9XWRWjWJ2bh2Rm7P9llCmBaQVSDIQJ+F1PMHE8XH0=",
        "owner": "nixos",
        "repo": "nixpkgs",
        "rev": "e47f1d2527f6109ea74940f01fcfe168a00bc5f7",
        "type": "github"
      },
      "original": {
        "owner": "nixos",
        "repo": "nixpkgs",
        "type": "github"
      }
    }
  },
  "root": "root",
  "version": 7
}
